
Microsoft Visual Studio Solution File, Format Version 12.00
# Visual Studio Version 16
VisualStudioVersion = 16.0.30907.101
MinimumVisualStudioVersion = 10.0.40219.1
Project("{FAE04EC0-301F-11D3-BF4B-00C04F79EFBC}") = "problema1", "problema1.csproj", "{5361E4C1-DFCB-4684-BFD8-9206684E5001}"
EndProject
Global
	GlobalSection(SolutionConfigurationPlatforms) = preSolution
		Debug|Any CPU = Debug|Any CPU
		Release|Any CPU = Release|Any CPU
	EndGlobalSection
	GlobalSection(ProjectConfigurationPlatforms) = postSolution
		{5361E4C1-DFCB-4684-BFD8-9206684E5001}.Debug|Any CPU.ActiveCfg = Debug|Any CPU
		{5361E4C1-DFCB-4684-BFD8-9206684E5001}.Debug|Any CPU.Build.0 = Debug|Any CPU
		{5361E4C1-DFCB-4684-BFD8-9206684E5001}.Release|Any CPU.ActiveCfg = Release|Any CPU
		{5361E4C1-DFCB-4684-BFD8-9206684E5001}.Release|Any CPU.Build.0 = Release|Any CPU
	EndGlobalSection
	GlobalSection(SolutionProperties) = preSolution
		HideSolutionNode = FALSE
	EndGlobalSection
	GlobalSection(ExtensibilityGlobals) = postSolution
		SolutionGuid = {A864BA6A-6CF1-4DFC-BD0E-7D7850A293D2}
	EndGlobalSection
EndGlobal
