
Microsoft Visual Studio Solution File, Format Version 12.00
# Visual Studio Version 16
VisualStudioVersion = 16.0.30907.101
MinimumVisualStudioVersion = 10.0.40219.1
Project("{FAE04EC0-301F-11D3-BF4B-00C04F79EFBC}") = "problema12", "problema12.csproj", "{2AA2C5E4-8CE8-4E53-85AA-174944422286}"
EndProject
Global
	GlobalSection(SolutionConfigurationPlatforms) = preSolution
		Debug|Any CPU = Debug|Any CPU
		Release|Any CPU = Release|Any CPU
	EndGlobalSection
	GlobalSection(ProjectConfigurationPlatforms) = postSolution
		{2AA2C5E4-8CE8-4E53-85AA-174944422286}.Debug|Any CPU.ActiveCfg = Debug|Any CPU
		{2AA2C5E4-8CE8-4E53-85AA-174944422286}.Debug|Any CPU.Build.0 = Debug|Any CPU
		{2AA2C5E4-8CE8-4E53-85AA-174944422286}.Release|Any CPU.ActiveCfg = Release|Any CPU
		{2AA2C5E4-8CE8-4E53-85AA-174944422286}.Release|Any CPU.Build.0 = Release|Any CPU
	EndGlobalSection
	GlobalSection(SolutionProperties) = preSolution
		HideSolutionNode = FALSE
	EndGlobalSection
	GlobalSection(ExtensibilityGlobals) = postSolution
		SolutionGuid = {A686A480-39DE-4CE8-A5DA-9288439265FF}
	EndGlobalSection
EndGlobal
